# This is a Gradle generated file for dependency locking.
# Manual edits can break the build and are not advised.
# This file is expected to be part of source control.
com.android.tools.analytics-library:protos:31.13.2=fdroidLint
com.android.tools.analytics-library:shared:31.13.2=fdroidLint
com.android.tools.analytics-library:tracker:31.13.2=fdroidLint
com.android.tools.build:aapt2-proto:8.13.2-14304508=fdroidLint
com.android.tools.build:builder-model:8.13.2=fdroidLint
com.android.tools.build:manifest-merger:31.13.2=fdroidLint
com.android.tools.ddms:ddmlib:31.13.2=fdroidLint
com.android.tools.external.com-intellij:intellij-core:31.13.2=fdroidLint
com.android.tools.external.com-intellij:kotlin-compiler:31.13.2=fdroidLint
com.android.tools.external.org-jetbrains:uast:31.13.2=fdroidLint
com.android.tools.layoutlib:layoutlib-api:31.13.2=fdroidLint
com.android.tools.lint:lint-api:31.13.2=fdroidLint
com.android.tools.lint:lint-checks:31.13.2=fdroidLint
com.android.tools.lint:lint-gradle:31.13.2=fdroidLint
com.android.tools.lint:lint-model:31.13.2=fdroidLint
com.android.tools.lint:lint-typedef-remover:31.13.2=fdroidLint
com.android.tools.lint:lint:31.13.2=fdroidLint
com.android.tools:annotations:31.13.2=fdroidLint
com.android.tools:common:31.13.2=fdroidLint
com.android.tools:dvlib:31.13.2=fdroidLint
com.android.tools:play-sdk-proto:31.13.2=fdroidLint
com.android.tools:repository:31.13.2=fdroidLint
com.android.tools:sdk-common:31.13.2=fdroidLint
com.android.tools:sdklib:31.13.2=fdroidLint
com.google.code.findbugs:jsr305:1.3.9=fdroidAcquisition
com.google.code.findbugs:jsr305:3.0.2=fdroidLint
com.google.code.gson:gson:2.11.0=fdroidLint
com.google.errorprone:error_prone_annotations:2.0.18=fdroidAcquisition
com.google.errorprone:error_prone_annotations:2.28.0=fdroidLint
com.google.guava:failureaccess:1.0.2=fdroidLint
com.google.guava:guava:23.0=fdroidAcquisition
com.google.guava:guava:33.3.1-jre=fdroidLint
com.google.guava:listenablefuture:9999.0-empty-to-avoid-conflict-with-guava=fdroidLint
com.google.j2objc:j2objc-annotations:1.1=fdroidAcquisition
com.google.j2objc:j2objc-annotations:3.0.0=fdroidLint
com.google.jimfs:jimfs:1.1=fdroidLint
com.google.protobuf:protobuf-java:3.25.5=fdroidLint
com.sun.activation:javax.activation:1.2.0=fdroidLint
com.sun.istack:istack-commons-runtime:3.0.8=fdroidLint
com.sun.xml.fastinfoset:FastInfoset:1.2.16=fdroidLint
commons-codec:commons-codec:1.10=fdroidLint
commons-io:commons-io:2.16.1=fdroidLint
commons-logging:commons-logging:1.2=fdroidLint
jakarta.activation:jakarta.activation-api:1.2.1=fdroidLint
jakarta.xml.bind:jakarta.xml.bind-api:2.3.2=fdroidLint
javax.inject:javax.inject:1=fdroidLint
net.java.dev.jna:jna-platform:5.6.0=fdroidLint
net.java.dev.jna:jna:5.6.0=fdroidLint
net.sf.kxml:kxml2:2.3.0=fdroidLint
org.apache.commons:commons-compress:1.21=fdroidLint
org.apache.httpcomponents:httpclient:4.5.6=fdroidLint
org.apache.httpcomponents:httpcore:4.4.16=fdroidLint
org.apache.httpcomponents:httpmime:4.5.6=fdroidLint
org.bouncycastle:bcpkix-jdk18on:1.79=fdroidLint
org.bouncycastle:bcprov-jdk18on:1.79=fdroidLint
org.bouncycastle:bcutil-jdk18on:1.79=fdroidLint
org.checkerframework:checker-qual:3.43.0=fdroidLint
org.codehaus.groovy:groovy:3.0.22=fdroidLint
org.codehaus.mojo:animal-sniffer-annotations:1.14=fdroidAcquisition
org.glassfish.jaxb:jaxb-runtime:2.3.2=fdroidLint
org.glassfish.jaxb:txw2:2.3.2=fdroidLint
org.jetbrains.kotlin:kotlin-reflect:2.2.0=fdroidLint
org.jetbrains.kotlin:kotlin-stdlib-jdk7:2.2.0=fdroidLint
org.jetbrains.kotlin:kotlin-stdlib-jdk8:2.2.0=fdroidLint
org.jetbrains.kotlin:kotlin-stdlib:2.2.0=fdroidLint
org.jetbrains.kotlinx:kotlinx-coroutines-bom:1.9.0=fdroidLint
org.jetbrains.kotlinx:kotlinx-coroutines-core-jvm:1.9.0=fdroidLint
org.jetbrains.kotlinx:kotlinx-coroutines-core:1.9.0=fdroidLint
org.jetbrains:annotations:23.0.0=fdroidLint
org.jvnet.staxex:stax-ex:1.8.1=fdroidLint
org.ow2.asm:asm-analysis:9.8=fdroidLint
org.ow2.asm:asm-commons:9.8=fdroidLint
org.ow2.asm:asm-tree:9.8=fdroidLint
org.ow2.asm:asm:9.8=fdroidLint
empty=
