{
    "version": "0.5",
    "requires": [
        "zlib/1.3.1#cac0f6daea041b0ccf42934163defb20%1765284699.337",
        "xz_utils/5.8.4#8f8f25b0e4c422a4469a6f7ead5b355c%1789627837.904",
        "webrtc-audio-processing/2.1@overte/stable#32fb29cc6d631d059c3cd9afb7839203%1744670561.176",
        "vulkan-memory-allocator/3.0.1#26cced541c90dff13aeabb74be316cad%1745823407.851",
        "vulkan-headers/1.4.357.0#1a38d7d226af6397679de25505ea13a9%1789470998.122",
        "v-hacd/4.1.0#9fce39e9131eb1ea7c84b9536030a603%1694777856.295",
        "steamworks/158a@overte/prebuild#ac9c89908c7361e96f8793d848657a95%1734724943.193",
        "spirv-tools/1.4.350.0#384f5bf27956589df6aa9ed3dd0f82c4%1789397837.057",
        "spirv-headers/1.4.350.0#e00d02f9314156c0d0afa8cecc7e43c7%1778774681.399",
        "spirv-cross/1.4.350.0#904299c8c5fd6cbe677e09fb9ce8ff5f%1778774679.723",
        "sdl/2.32.10#19432981a8779c918a13682d4186fa3b%1781017344.925",
        "scribe/2019.02@overte/stable#0c2eaba1220f4c3091a2d60773ee476a%1734724934.967",
        "rapidjson/cci.20230929#8dc0392af2b3aaea7312095f0ba53467%1705070242.903",
        "quazip/1.4#b5b53ba941dd1da8e788f0c47b9ba8f5%1727332204.769",
        "qt/5.15.2@overte/system#4a09b6c0ab11be8c20cdbfebb9fd8c90%1779893552.912",
        "opus/1.5.2#18fcc73dcd16edae063173f3ceb3ed56%1757941039.736",
        "openxr/1.1.46@overte/stable#7ac70ec1fe70bb9c9cddeba10906b4dd%1743940069.53",
        "openvr/2.15.6@overte/stable#4c2aca5eda7057f8ee58bbf2a2c375c7%1779810869.799",
        "openssl/system@overte/stable#24c4df65c52791c4955f7d47d9faef0d%1778587671.909",
        "opengl/system#cfcf523b9d2bad75cbf377f56562634c%1762526044.744",
        "openexr/3.1.9#cb853b3a9baee5f924ee5929ed94d55b%1727884745.806",
        "onetbb/2021.10.0#ded3cd4fd037d53fb16367466c8fd719%1769010604.495",
        "nvidia-texture-tools/2023.01@overte/stable#bb4a28e5438f69332299cc23b770fc07%1779817226.642",
        "nlohmann_json/3.11.2#1ded6ae5d200a68ac17c51d528b945e2%1700513003.368",
        "libunwind/1.8.0#faeafe32d6b0b02f7ba587b313a801b2%1762446485.031",
        "libnode/22.23.2@overte/stable#f11ce6e78ea278150048966af119fe46%1787915709.644",
        "liblo/0.35@overte/stable#d906066b511adec364d27aba0e5c1dad%1779880256.627",
        "libiconv/1.17#9923bc6dc6f106646d6967e0039a5ada%1774021608.288",
        "jsoncpp/1.9.6#c3730c7936aefa462eb6c6560a5e1fd8%1726135496.917",
        "imath/3.1.9#20f703aa156f46ddc326e668ed22ffb6%1775543418.628",
        "hwloc/2.12.2#f376a3d8ac7d26a327892fba2d285a5a%1785329292.742",
        "glslang/1.4.350.0#5d785f84c214ac863ded5467a5d9934c%1789122176.754",
        "glm/0.9.9.5#76af69559013450c9016c773fc3fc408%1700512111.317",
        "gli/cci.20210515#f7109e63244407c1c4b015bc5addb366%1782474720.763",
        "glad/0.1.36@overte/experimental#9612a3032fecdd1d8781dfb1b2bd6dc6%1781788610.579",
        "gifcreator/2016.11@overte/stable#bcc5d37ce0c3e8b3eb7453efba164144%1734723899.841",
        "etc2comp/cci.20170424#8e756ea70fd978770514033a07b43a0a%1779811493.254",
        "draco/1.3.5#0f9bb06e7f72693bf3832b49307329c6%1676401864.952",
        "discord-rpc/3.4.0@overte/stable#54082f3f018d036f7f73da0402e873c4%1779812852.954",
        "cgltf/1.14@overte/stable#2894bc7b159024d19d59df7b28103ec1%1734909924.733",
        "bzip2/1.0.8#c470882369c2d95c5c77e970c0c7e321%1762886692.465",
        "bullet3/3.25#61b0be0c0f12810ee4f43437bd1785ad%1775496596.665",
        "artery-font-format/1.0.1#23844a04de4e68fb711bf9585059886f%1719797778.809",
        "abseil/20250127.0#e0dcc4b8a367edb49b062cb07ed8e9e6%1773137903.431"
    ],
    "build_requires": [
        "pkgconf/2.2.0#4ac315b50ef734072b00ff3aacbf52bf%1755505628.021",
        "pkgconf/2.1.0#21f96520faf7660b99f872e956d2ac13%1755505630.82",
        "ninja/1.13.2#c8c5dc2a52ed6e4e42a66d75b4717ceb%1764096931.974",
        "nasm/2.15.05#f7d6a6f3b14f583e001d9ae84e8cd152%1745483325.985",
        "meson/1.10.2#9d2d10681fe7fe61c788c58626c89b25%1775558003.754",
        "meson/1.6.0#df190c5b0592572e6f5a1b05999e7e6d%1729471712.809",
        "cmake/4.3.2#5bae0b181463ca4dc3e924a981367ee6%1779785720.872"
    ],
    "python_requires": [],
    "overrides": {
        "jsoncpp/1.9.6#c3730c7936aefa462eb6c6560a5e1fd8": [
            null,
            "jsoncpp/1.9.6"
        ],
        "glm/1.0.3": [
            "glm/0.9.9.5"
        ],
        "openssl/1.1.1w": [
            "openssl/system@overte/stable#24c4df65c52791c4955f7d47d9faef0d"
        ],
        "jsoncpp/1.9.5": [
            "jsoncpp/1.9.6"
        ],
        "qt/[~5.15]": [
            "qt/5.15.2@overte/system"
        ]
    },
    "config_requires": []
}
