# This is a Gradle generated file for dependency locking.
# Manual edits can break the build and are not advised.
# This file is expected to be part of source control.
androidx.annotation:annotation-jvm:1.7.0=gateAndroidUnitTests,gateUnitTests
androidx.annotation:annotation:1.7.0=gateAndroidUnitTests,gateUnitTests
androidx.concurrent:concurrent-futures-ktx:1.1.0=gateAndroidUnitTests,gateUnitTests
androidx.concurrent:concurrent-futures:1.1.0=gateAndroidUnitTests,gateUnitTests
androidx.lifecycle:lifecycle-common:2.3.1=gateAndroidUnitTests,gateUnitTests
androidx.test.espresso:espresso-idling-resource:3.7.0=gateAndroidUnitTests,gateUnitTests
androidx.test:core:1.6.1=gateAndroidUnitTests,gateUnitTests
androidx.test:monitor:1.8.0=gateAndroidUnitTests,gateUnitTests
androidx.tracing:tracing:1.1.0=gateAndroidUnitTests,gateUnitTests
com.almworks.sqlite4java:sqlite4java:1.0.392=gateAndroidUnitTests,gateUnitTests
com.google.auto.value:auto-value-annotations:1.11.0=gateAndroidUnitTests,gateUnitTests
com.google.errorprone:error_prone_annotation:2.41.0=gateAndroidUnitTests,gateUnitTests
com.google.errorprone:error_prone_annotations:2.36.0=gateAndroidUnitTests,gateUnitTests
com.google.guava:failureaccess:1.0.3=gateAndroidUnitTests,gateUnitTests
com.google.guava:guava:33.4.8-jre=gateAndroidUnitTests,gateUnitTests
com.google.guava:listenablefuture:9999.0-empty-to-avoid-conflict-with-guava=gateAndroidUnitTests,gateUnitTests
com.google.j2objc:j2objc-annotations:3.0.0=gateAndroidUnitTests,gateUnitTests
com.google.testparameterinjector:test-parameter-injector:1.18=gateAndroidUnitTests,gateUnitTests
com.ibm.icu:icu4j:77.1=gateAndroidUnitTests,gateUnitTests
javax.annotation:javax.annotation-api:1.3.2=gateAndroidUnitTests,gateUnitTests
javax.inject:javax.inject:1=gateAndroidUnitTests,gateUnitTests
junit:junit:4.13.2=gateAndroidUnitTests,gateUnitTests
org.bouncycastle:bcprov-jdk18on:1.81=gateAndroidUnitTests,gateUnitTests
org.conscrypt:conscrypt-openjdk-uber:2.5.2=gateAndroidUnitTests,gateUnitTests
org.hamcrest:hamcrest-core:1.3=gateAndroidUnitTests,gateUnitTests
org.jetbrains.kotlin:kotlin-stdlib-common:1.9.21=gateAndroidUnitTests,gateUnitTests
org.jetbrains.kotlin:kotlin-stdlib-jdk7:1.8.20=gateAndroidUnitTests,gateUnitTests
org.jetbrains.kotlin:kotlin-stdlib-jdk8:1.8.20=gateAndroidUnitTests,gateUnitTests
org.jetbrains.kotlin:kotlin-stdlib:1.9.21=gateAndroidUnitTests,gateUnitTests
org.jetbrains.kotlinx:kotlinx-coroutines-bom:1.7.1=gateAndroidUnitTests,gateUnitTests
org.jetbrains.kotlinx:kotlinx-coroutines-core-jvm:1.7.1=gateAndroidUnitTests,gateUnitTests
org.jetbrains.kotlinx:kotlinx-coroutines-core:1.7.1=gateAndroidUnitTests,gateUnitTests
org.jetbrains:annotations:23.0.0=gateAndroidUnitTests,gateUnitTests
org.jspecify:jspecify:1.0.0=gateAndroidUnitTests,gateUnitTests
org.ow2.asm:asm-commons:9.8=gateAndroidUnitTests,gateUnitTests
org.ow2.asm:asm-tree:9.8=gateAndroidUnitTests,gateUnitTests
org.ow2.asm:asm:9.8=gateAndroidUnitTests,gateUnitTests
org.robolectric:android-all-instrumented:15-robolectric-13954326-i7=gateAndroid35
org.robolectric:android-all-instrumented:8.0.0_r4-robolectric-r1-i7=gateAndroid26
org.robolectric:annotations:4.16.1=gateAndroidUnitTests,gateUnitTests
org.robolectric:junit:4.16.1=gateAndroidUnitTests,gateUnitTests
org.robolectric:nativeruntime-dist-compat:1.0.18=gateAndroidUnitTests,gateUnitTests
org.robolectric:nativeruntime:4.16.1=gateAndroidUnitTests,gateUnitTests
org.robolectric:pluginapi:4.16.1=gateAndroidUnitTests,gateUnitTests
org.robolectric:plugins-maven-dependency-resolver:4.16.1=gateAndroidUnitTests,gateUnitTests
org.robolectric:resources:4.16.1=gateAndroidUnitTests,gateUnitTests
org.robolectric:robolectric:4.16.1=gateAndroidUnitTests,gateUnitTests
org.robolectric:sandbox:4.16.1=gateAndroidUnitTests,gateUnitTests
org.robolectric:shadowapi:4.16.1=gateAndroidUnitTests,gateUnitTests
org.robolectric:shadows-framework:4.16.1=gateAndroidUnitTests,gateUnitTests
org.robolectric:utils-reflector:4.16.1=gateAndroidUnitTests,gateUnitTests
org.robolectric:utils:4.16.1=gateAndroidUnitTests,gateUnitTests
org.yaml:snakeyaml:2.4=gateAndroidUnitTests,gateUnitTests
empty=
