{
    "version": "0.5",
    "requires": [
        "zstd/1.5.6#8b5ebac476eb7d9ec2080ad31f2816fc%1788701525.989382",
        "zlib/1.3.1#cac0f6daea041b0ccf42934163defb20%1788701525.9756837",
        "webrtc-audio-processing/2.1@overte/stable#32fb29cc6d631d059c3cd9afb7839203%1788701525.9623058",
        "vulkan-memory-allocator/3.0.1#26cced541c90dff13aeabb74be316cad%1788701525.9485655",
        "vulkan-headers/1.4.350.0#40281e91ad8723fb102e36396da35409%1788701525.9354398",
        "v-hacd/4.1.0#9fce39e9131eb1ea7c84b9536030a603%1788701525.9217355",
        "sqlite3/3.47.0#7a0904fd061f5f8a2366c294f9387830%1788701525.9083366",
        "spirv-tools/1.4.350.0#cfeb4688808ef44cd892c93a10dc6762%1788701525.8948088",
        "spirv-headers/1.4.350.0#e00d02f9314156c0d0afa8cecc7e43c7%1788701525.8811846",
        "spirv-cross/1.4.350.0#904299c8c5fd6cbe677e09fb9ce8ff5f%1788701525.867938",
        "scribe/2019.02@overte/stable#0c2eaba1220f4c3091a2d60773ee476a%1788701525.8546345",
        "quazip/1.4#b5b53ba941dd1da8e788f0c47b9ba8f5%1788701525.8414109",
        "qt/5.15.18-2026.01.04@overte/stable#b573e9e65fe29366102c09d5ec013c09%1788701578.080668",
        "pcre2/10.42#a0b25dffca18f5987304619e9c93fb44%1788701525.8015883",
        "opus/1.5.2#18fcc73dcd16edae063173f3ceb3ed56%1788701525.7875502",
        "openxr/1.1.46@overte/stable#7ac70ec1fe70bb9c9cddeba10906b4dd%1788701525.774005",
        "openssl/3.5.8@overte/stable#e2ab566b1c764e543d69c8a6fa0def5b%1788701525.760485",
        "opengl/system#cfcf523b9d2bad75cbf377f56562634c%1788701525.7467113",
        "openexr/3.1.9#cb853b3a9baee5f924ee5929ed94d55b%1788701525.7330234",
        "onetbb/2021.10.0#ee3f2e5539ab683fdaba561d89c9ecee%1788701525.7186108",
        "nvidia-texture-tools/2023.01@overte/stable#0619db1dd752cc6e324ee810f22d25c4%1788701525.7046888",
        "nlohmann_json/3.11.2#1ded6ae5d200a68ac17c51d528b945e2%1788701525.690862",
        "md4c/0.5.2#3d7106721e458f9f799b87d4d50d02e0%1788701525.6216161",
        "libpng/1.6.44#9e1aa08fb46946c7c91e4ae03bd49811%1788701525.6081803",
        "libnode/22.22.3@overte/stable#a76ae5683eb20fbde3f88e16d8bea96e%1788701525.5940254",
        "libjpeg/9f#8b1b89da851ad9172565c35f14e23c4c%1788701525.5796506",
        "jsoncpp/1.9.6#c3730c7936aefa462eb6c6560a5e1fd8%1788701525.5656765",
        "imath/3.1.9#20f703aa156f46ddc326e668ed22ffb6%1788701525.5508835",
        "hwloc/2.12.2#81314118300a8ee69b352f2d1b21d9d7%1788701525.5371225",
        "glslang/1.4.350.0#c4d9cb1ccdcdb314655e9648fe6cf5d0%1788701525.5232399",
        "glm/0.9.9.5#76af69559013450c9016c773fc3fc408%1788701525.5093484",
        "gli/cci.20210515#f7109e63244407c1c4b015bc5addb366%1788701525.4955914",
        "glad/0.1.36@overte/experimental#9612a3032fecdd1d8781dfb1b2bd6dc6%1788701525.4817355",
        "gifcreator/2016.11@overte/stable#024aa96f06f47fe2c22e6f9a0db4ab0d%1788701525.468208",
        "freetype/2.13.3#75ca69fb4dc1a016c91b7f422ae58adc%1788701525.454187",
        "etc2comp/cci.20170424#8e756ea70fd978770514033a07b43a0a%1788701525.4406428",
        "draco/1.3.5#0f9bb06e7f72693bf3832b49307329c6%1788701525.427004",
        "double-conversion/3.3.0#6ad026cf92c316c476919f7f152072d7%1788701525.413557",
        "cgltf/1.14@overte/stable#2894bc7b159024d19d59df7b28103ec1%1788701525.3719609",
        "bzip2/1.0.8#c470882369c2d95c5c77e970c0c7e321%1788701525.3583848",
        "bullet3/3.25#61b0be0c0f12810ee4f43437bd1785ad%1788701525.3446667",
        "brotli/1.1.0#3f631ef77008f7b5eb388780116371a3%1788701525.3312807",
        "artery-font-format/1.0.1#23844a04de4e68fb711bf9585059886f%1788701525.3176806",
        "abseil/20250127.0#e0dcc4b8a367edb49b062cb07ed8e9e6%1788701525.2912302"
    ],
    "build_requires": [
        "zlib/1.3.1#cac0f6daea041b0ccf42934163defb20%1788701525.9756837",
        "sqlite3/3.47.0#7a0904fd061f5f8a2366c294f9387830%1788701525.9083366",
        "spirv-tools/1.4.350.0#cfeb4688808ef44cd892c93a10dc6762%1788701525.8948088",
        "spirv-headers/1.4.350.0#e00d02f9314156c0d0afa8cecc7e43c7%1788701525.8811846",
        "spirv-cross/1.4.350.0#904299c8c5fd6cbe677e09fb9ce8ff5f%1788701525.867938",
        "scribe/2019.02@overte/stable#0c2eaba1220f4c3091a2d60773ee476a%1788701525.8546345",
        "qt/5.15.18-2026.01.04@overte/stable#b573e9e65fe29366102c09d5ec013c09%1788701578.080668",
        "pkgconf/2.2.0#4ac315b50ef734072b00ff3aacbf52bf%1788701525.814848",
        "pcre2/10.42#a0b25dffca18f5987304619e9c93fb44%1788701525.8015883",
        "ninja/1.13.2#c8c5dc2a52ed6e4e42a66d75b4717ceb%1788701525.676999",
        "nasm/2.15.05#f7d6a6f3b14f583e001d9ae84e8cd152%1788701525.6629026",
        "meson/1.10.2#9d2d10681fe7fe61c788c58626c89b25%1788701525.635267",
        "meson/1.6.0#df190c5b0592572e6f5a1b05999e7e6d%1788701525.649317",
        "md4c/0.5.2#3d7106721e458f9f799b87d4d50d02e0%1788701525.6216161",
        "libpng/1.6.44#9e1aa08fb46946c7c91e4ae03bd49811%1788701525.6081803",
        "glslang/1.4.350.0#c4d9cb1ccdcdb314655e9648fe6cf5d0%1788701525.5232399",
        "freetype/2.13.3#75ca69fb4dc1a016c91b7f422ae58adc%1788701525.454187",
        "double-conversion/3.3.0#6ad026cf92c316c476919f7f152072d7%1788701525.413557",
        "cmake/4.4.0#2f6c0934c9dc141602cd279f67cfe048%1788701525.3997664",
        "cmake/3.31.12#2f6c0934c9dc141602cd279f67cfe048%1788701525.3857982",
        "bzip2/1.0.8#c470882369c2d95c5c77e970c0c7e321%1788701525.3583848",
        "brotli/1.1.0#3f631ef77008f7b5eb388780116371a3%1788701525.3312807"
    ],
    "python_requires": [],
    "overrides": {
        "jsoncpp/1.9.6#c3730c7936aefa462eb6c6560a5e1fd8": [
            null,
            "jsoncpp/1.9.6"
        ],
        "openssl/3.5.8@overte/stable#e2ab566b1c764e543d69c8a6fa0def5b": [
            null,
            "openssl/3.5.8@overte/stable"
        ],
        "glm/1.0.3": [
            "glm/0.9.9.5"
        ],
        "qt/[~5.15]": [
            "qt/5.15.18-2026.01.04@overte/stable#b573e9e65fe29366102c09d5ec013c09"
        ],
        "openssl/[>=1.1 <4]": [
            "openssl/3.5.8@overte/stable"
        ]
    },
    "config_requires": []
}
